// !$*UTF8*$!
{
	archiveVersion = 1;
	classes = {
	};
	objectVersion = 51;
	objects = {

/* Begin PBXBuildFile section */
		0ED461B9DB9742190D50B69E /* Pods_OnlineShopTests.framework in Frameworks */ = {isa = PBXBuildFile; fileRef = AA11E494AA7FC90980FF49A6 /* Pods_OnlineShopTests.framework */; };
		3DFE1B853CCA37A68F97B2E0 /* Pods_OnlineShop.framework in Frameworks */ = {isa = PBXBuildFile; fileRef = 9861597DEF9C81DFA07B89B5 /* Pods_OnlineShop.framework */; };
		5D9A9D4C8FBA74F7644A4D63 /* Pods_OnlineShop_OnlineShopUITests.framework in Frameworks */ = {isa = PBXBuildFile; fileRef = 4DE0B7B54C70A61C4F50C017 /* Pods_OnlineShop_OnlineShopUITests.framework */; };
		AE9D564025C1AED400E006E2 /* AppDelegate.swift in Sources */ = {isa = PBXBuildFile; fileRef = AE9D563F25C1AED400E006E2 /* AppDelegate.swift */; };
		AE9D564225C1AED400E006E2 /* SceneDelegate.swift in Sources */ = {isa = PBXBuildFile; fileRef = AE9D564125C1AED400E006E2 /* SceneDelegate.swift */; };
		AE9D564925C1AED600E006E2 /* Assets.xcassets in Resources */ = {isa = PBXBuildFile; fileRef = AE9D564825C1AED600E006E2 /* Assets.xcassets */; };
		AE9D564C25C1AED600E006E2 /* LaunchScreen.storyboard in Resources */ = {isa = PBXBuildFile; fileRef = AE9D564A25C1AED600E006E2 /* LaunchScreen.storyboard */; };
		AE9D565725C1AED700E006E2 /* OnlineShopTests.swift in Sources */ = {isa = PBXBuildFile; fileRef = AE9D565625C1AED700E006E2 /* OnlineShopTests.swift */; };
		AE9D566225C1AED700E006E2 /* OnlineShopUITests.swift in Sources */ = {isa = PBXBuildFile; fileRef = AE9D566125C1AED700E006E2 /* OnlineShopUITests.swift */; };
		AE9D569125C1B0D700E006E2 /* GoogleService-Info.plist in Resources */ = {isa = PBXBuildFile; fileRef = AE9D569025C1B0D700E006E2 /* GoogleService-Info.plist */; };
		AE9D569A25C1B18400E006E2 /* FirebaseHandler.swift in Sources */ = {isa = PBXBuildFile; fileRef = AE9D569925C1B18400E006E2 /* FirebaseHandler.swift */; };
		AE9D56A325C1B1CA00E006E2 /* Codable+Dictionary.swift in Sources */ = {isa = PBXBuildFile; fileRef = AE9D56A225C1B1CA00E006E2 /* Codable+Dictionary.swift */; };
		AE9D56A925C1B26100E006E2 /* Product.swift in Sources */ = {isa = PBXBuildFile; fileRef = AE9D56A825C1B26100E006E2 /* Product.swift */; };
		AE9D56B625C1B3D700E006E2 /* CatalogInteractor.swift in Sources */ = {isa = PBXBuildFile; fileRef = AE9D56B525C1B3D700E006E2 /* CatalogInteractor.swift */; };
		AE9D56BE25C1B3E300E006E2 /* CatalogPresenter.swift in Sources */ = {isa = PBXBuildFile; fileRef = AE9D56BD25C1B3E300E006E2 /* CatalogPresenter.swift */; };
		AE9D56C425C1B3FE00E006E2 /* CatalogViewController.swift in Sources */ = {isa = PBXBuildFile; fileRef = AE9D56C225C1B3FE00E006E2 /* CatalogViewController.swift */; };
		AE9D56C525C1B3FE00E006E2 /* CatalogViewController.xib in Resources */ = {isa = PBXBuildFile; fileRef = AE9D56C325C1B3FE00E006E2 /* CatalogViewController.xib */; };
		AE9D56CF25C1B57200E006E2 /* ProductCollectionViewCell.swift in Sources */ = {isa = PBXBuildFile; fileRef = AE9D56CD25C1B57200E006E2 /* ProductCollectionViewCell.swift */; };
		AE9D56D025C1B57200E006E2 /* ProductCollectionViewCell.xib in Resources */ = {isa = PBXBuildFile; fileRef = AE9D56CE25C1B57200E006E2 /* ProductCollectionViewCell.xib */; };
		AE9D56D625C1B89000E006E2 /* NibLoadable.swift in Sources */ = {isa = PBXBuildFile; fileRef = AE9D56D525C1B89000E006E2 /* NibLoadable.swift */; };
		AE9D56DF25C1BB6800E006E2 /* CatalogDataSource.swift in Sources */ = {isa = PBXBuildFile; fileRef = AE9D56DE25C1BB6800E006E2 /* CatalogDataSource.swift */; };
		AE9D56E425C1BBDA00E006E2 /* CatalogLayoutCalculator.swift in Sources */ = {isa = PBXBuildFile; fileRef = AE9D56E325C1BBDA00E006E2 /* CatalogLayoutCalculator.swift */; };
		AE9D56EA25C1BD2900E006E2 /* CatalogAssembly.swift in Sources */ = {isa = PBXBuildFile; fileRef = AE9D56E925C1BD2900E006E2 /* CatalogAssembly.swift */; };
		AE9D56F925C1D17B00E006E2 /* DatabaseManager.swift in Sources */ = {isa = PBXBuildFile; fileRef = AE9D56F825C1D17B00E006E2 /* DatabaseManager.swift */; };
		AE9D571425C1E2F400E006E2 /* ProductService.swift in Sources */ = {isa = PBXBuildFile; fileRef = AE9D571325C1E2F400E006E2 /* ProductService.swift */; };
		AE9D571C25C1E37500E006E2 /* ProductsServiceImplementation.swift in Sources */ = {isa = PBXBuildFile; fileRef = AE9D571B25C1E37500E006E2 /* ProductsServiceImplementation.swift */; };
		AE9D572125C1E53500E006E2 /* RealmProduct.swift in Sources */ = {isa = PBXBuildFile; fileRef = AE9D572025C1E53500E006E2 /* RealmProduct.swift */; };
		AE9D572E25C2F05B00E006E2 /* CartViewController.swift in Sources */ = {isa = PBXBuildFile; fileRef = AE9D572C25C2F05B00E006E2 /* CartViewController.swift */; };
		AE9D572F25C2F05B00E006E2 /* CartViewController.xib in Resources */ = {isa = PBXBuildFile; fileRef = AE9D572D25C2F05B00E006E2 /* CartViewController.xib */; };
		AE9D573625C2F31800E006E2 /* CartTableViewCell.swift in Sources */ = {isa = PBXBuildFile; fileRef = AE9D573425C2F31800E006E2 /* CartTableViewCell.swift */; };
		AE9D573725C2F31800E006E2 /* CartTableViewCell.xib in Resources */ = {isa = PBXBuildFile; fileRef = AE9D573525C2F31800E006E2 /* CartTableViewCell.xib */; };
/* End PBXBuildFile section */

/* Begin PBXContainerItemProxy section */
		AE9D565325C1AED700E006E2 /* PBXContainerItemProxy */ = {
			isa = PBXContainerItemProxy;
			containerPortal = AE9D563425C1AED400E006E2 /* Project object */;
			proxyType = 1;
			remoteGlobalIDString = AE9D563B25C1AED400E006E2;
			remoteInfo = OnlineShop;
		};
		AE9D565E25C1AED700E006E2 /* PBXContainerItemProxy */ = {
			isa = PBXContainerItemProxy;
			containerPortal = AE9D563425C1AED400E006E2 /* Project object */;
			proxyType = 1;
			remoteGlobalIDString = AE9D563B25C1AED400E006E2;
			remoteInfo = OnlineShop;
		};
/* End PBXContainerItemProxy section */

/* Begin PBXFileReference section */
		1D8465DB4277558D0C463F2B /* Pods-OnlineShopTests.release.xcconfig */ = {isa = PBXFileReference; includeInIndex = 1; lastKnownFileType = text.xcconfig; name = "Pods-OnlineShopTests.release.xcconfig"; path = "Target Support Files/Pods-OnlineShopTests/Pods-OnlineShopTests.release.xcconfig"; sourceTree = "<group>"; };
		3DE6DA045B419346AB2E6AF5 /* Pods-OnlineShop.debug.xcconfig */ = {isa = PBXFileReference; includeInIndex = 1; lastKnownFileType = text.xcconfig; name = "Pods-OnlineShop.debug.xcconfig"; path = "Target Support Files/Pods-OnlineShop/Pods-OnlineShop.debug.xcconfig"; sourceTree = "<group>"; };
		44F8311334572393DC62BDFF /* Pods-OnlineShop.release.xcconfig */ = {isa = PBXFileReference; includeInIndex = 1; lastKnownFileType = text.xcconfig; name = "Pods-OnlineShop.release.xcconfig"; path = "Target Support Files/Pods-OnlineShop/Pods-OnlineShop.release.xcconfig"; sourceTree = "<group>"; };
		4DE0B7B54C70A61C4F50C017 /* Pods_OnlineShop_OnlineShopUITests.framework */ = {isa = PBXFileReference; explicitFileType = wrapper.framework; includeInIndex = 0; path = Pods_OnlineShop_OnlineShopUITests.framework; sourceTree = BUILT_PRODUCTS_DIR; };
		9861597DEF9C81DFA07B89B5 /* Pods_OnlineShop.framework */ = {isa = PBXFileReference; explicitFileType = wrapper.framework; includeInIndex = 0; path = Pods_OnlineShop.framework; sourceTree = BUILT_PRODUCTS_DIR; };
		AA11E494AA7FC90980FF49A6 /* Pods_OnlineShopTests.framework */ = {isa = PBXFileReference; explicitFileType = wrapper.framework; includeInIndex = 0; path = Pods_OnlineShopTests.framework; sourceTree = BUILT_PRODUCTS_DIR; };
		AE9D563C25C1AED400E006E2 /* OnlineShop.app */ = {isa = PBXFileReference; explicitFileType = wrapper.application; includeInIndex = 0; path = OnlineShop.app; sourceTree = BUILT_PRODUCTS_DIR; };
		AE9D563F25C1AED400E006E2 /* AppDelegate.swift */ = {isa = PBXFileReference; lastKnownFileType = sourcecode.swift; path = AppDelegate.swift; sourceTree = "<group>"; };
		AE9D564125C1AED400E006E2 /* SceneDelegate.swift */ = {isa = PBXFileReference; lastKnownFileType = sourcecode.swift; path = SceneDelegate.swift; sourceTree = "<group>"; };
		AE9D564825C1AED600E006E2 /* Assets.xcassets */ = {isa = PBXFileReference; lastKnownFileType = folder.assetcatalog; path = Assets.xcassets; sourceTree = "<group>"; };
		AE9D564B25C1AED600E006E2 /* Base */ = {isa = PBXFileReference; lastKnownFileType = file.storyboard; name = Base; path = Base.lproj/LaunchScreen.storyboard; sourceTree = "<group>"; };
		AE9D564D25C1AED600E006E2 /* Info.plist */ = {isa = PBXFileReference; lastKnownFileType = text.plist.xml; path = Info.plist; sourceTree = "<group>"; };
		AE9D565225C1AED700E006E2 /* OnlineShopTests.xctest */ = {isa = PBXFileReference; explicitFileType = wrapper.cfbundle; includeInIndex = 0; path = OnlineShopTests.xctest; sourceTree = BUILT_PRODUCTS_DIR; };
		AE9D565625C1AED700E006E2 /* OnlineShopTests.swift */ = {isa = PBXFileReference; lastKnownFileType = sourcecode.swift; path = OnlineShopTests.swift; sourceTree = "<group>"; };
		AE9D565825C1AED700E006E2 /* Info.plist */ = {isa = PBXFileReference; lastKnownFileType = text.plist.xml; path = Info.plist; sourceTree = "<group>"; };
		AE9D565D25C1AED700E006E2 /* OnlineShopUITests.xctest */ = {isa = PBXFileReference; explicitFileType = wrapper.cfbundle; includeInIndex = 0; path = OnlineShopUITests.xctest; sourceTree = BUILT_PRODUCTS_DIR; };
		AE9D566125C1AED700E006E2 /* OnlineShopUITests.swift */ = {isa = PBXFileReference; lastKnownFileType = sourcecode.swift; path = OnlineShopUITests.swift; sourceTree = "<group>"; };
		AE9D566325C1AED700E006E2 /* Info.plist */ = {isa = PBXFileReference; lastKnownFileType = text.plist.xml; path = Info.plist; sourceTree = "<group>"; };
		AE9D569025C1B0D700E006E2 /* GoogleService-Info.plist */ = {isa = PBXFileReference; fileEncoding = 4; lastKnownFileType = text.plist.xml; path = "GoogleService-Info.plist"; sourceTree = "<group>"; };
		AE9D569925C1B18400E006E2 /* FirebaseHandler.swift */ = {isa = PBXFileReference; lastKnownFileType = sourcecode.swift; path = FirebaseHandler.swift; sourceTree = "<group>"; };
		AE9D56A225C1B1CA00E006E2 /* Codable+Dictionary.swift */ = {isa = PBXFileReference; lastKnownFileType = sourcecode.swift; path = "Codable+Dictionary.swift"; sourceTree = "<group>"; };
		AE9D56A825C1B26100E006E2 /* Product.swift */ = {isa = PBXFileReference; lastKnownFileType = sourcecode.swift; path = Product.swift; sourceTree = "<group>"; };
		AE9D56B525C1B3D700E006E2 /* CatalogInteractor.swift */ = {isa = PBXFileReference; lastKnownFileType = sourcecode.swift; path = CatalogInteractor.swift; sourceTree = "<group>"; };
		AE9D56BD25C1B3E300E006E2 /* CatalogPresenter.swift */ = {isa = PBXFileReference; lastKnownFileType = sourcecode.swift; path = CatalogPresenter.swift; sourceTree = "<group>"; };
		AE9D56C225C1B3FE00E006E2 /* CatalogViewController.swift */ = {isa = PBXFileReference; lastKnownFileType = sourcecode.swift; path = CatalogViewController.swift; sourceTree = "<group>"; };
		AE9D56C325C1B3FE00E006E2 /* CatalogViewController.xib */ = {isa = PBXFileReference; lastKnownFileType = file.xib; path = CatalogViewController.xib; sourceTree = "<group>"; };
		AE9D56CD25C1B57200E006E2 /* ProductCollectionViewCell.swift */ = {isa = PBXFileReference; lastKnownFileType = sourcecode.swift; path = ProductCollectionViewCell.swift; sourceTree = "<group>"; };
		AE9D56CE25C1B57200E006E2 /* ProductCollectionViewCell.xib */ = {isa = PBXFileReference; lastKnownFileType = file.xib; path = ProductCollectionViewCell.xib; sourceTree = "<group>"; };
		AE9D56D525C1B89000E006E2 /* NibLoadable.swift */ = {isa = PBXFileReference; lastKnownFileType = sourcecode.swift; path = NibLoadable.swift; sourceTree = "<group>"; };
		AE9D56DE25C1BB6800E006E2 /* CatalogDataSource.swift */ = {isa = PBXFileReference; lastKnownFileType = sourcecode.swift; path = CatalogDataSource.swift; sourceTree = "<group>"; };
		AE9D56E325C1BBDA00E006E2 /* CatalogLayoutCalculator.swift */ = {isa = PBXFileReference; lastKnownFileType = sourcecode.swift; path = CatalogLayoutCalculator.swift; sourceTree = "<group>"; };
		AE9D56E925C1BD2900E006E2 /* CatalogAssembly.swift */ = {isa = PBXFileReference; lastKnownFileType = sourcecode.swift; path = CatalogAssembly.swift; sourceTree = "<group>"; };
		AE9D56F825C1D17B00E006E2 /* DatabaseManager.swift */ = {isa = PBXFileReference; lastKnownFileType = sourcecode.swift; path = DatabaseManager.swift; sourceTree = "<group>"; };
		AE9D571325C1E2F400E006E2 /* ProductService.swift */ = {isa = PBXFileReference; lastKnownFileType = sourcecode.swift; path = ProductService.swift; sourceTree = "<group>"; };
		AE9D571B25C1E37500E006E2 /* ProductsServiceImplementation.swift */ = {isa = PBXFileReference; lastKnownFileType = sourcecode.swift; path = ProductsServiceImplementation.swift; sourceTree = "<group>"; };
		AE9D572025C1E53500E006E2 /* RealmProduct.swift */ = {isa = PBXFileReference; lastKnownFileType = sourcecode.swift; path = RealmProduct.swift; sourceTree = "<group>"; };
		AE9D572C25C2F05B00E006E2 /* CartViewController.swift */ = {isa = PBXFileReference; lastKnownFileType = sourcecode.swift; path = CartViewController.swift; sourceTree = "<group>"; };
		AE9D572D25C2F05B00E006E2 /* CartViewController.xib */ = {isa = PBXFileReference; lastKnownFileType = file.xib; path = CartViewController.xib; sourceTree = "<group>"; };
		AE9D573425C2F31800E006E2 /* CartTableViewCell.swift */ = {isa = PBXFileReference; lastKnownFileType = sourcecode.swift; path = CartTableViewCell.swift; sourceTree = "<group>"; };
		AE9D573525C2F31800E006E2 /* CartTableViewCell.xib */ = {isa = PBXFileReference; lastKnownFileType = file.xib; path = CartTableViewCell.xib; sourceTree = "<group>"; };
		C1A1C4106DC6CA575EF286C8 /* Pods-OnlineShop-OnlineShopUITests.release.xcconfig */ = {isa = PBXFileReference; includeInIndex = 1; lastKnownFileType = text.xcconfig; name = "Pods-OnlineShop-OnlineShopUITests.release.xcconfig"; path = "Target Support Files/Pods-OnlineShop-OnlineShopUITests/Pods-OnlineShop-OnlineShopUITests.release.xcconfig"; sourceTree = "<group>"; };
		DADA49929A38755D053743DB /* Pods-OnlineShopTests.debug.xcconfig */ = {isa = PBXFileReference; includeInIndex = 1; lastKnownFileType = text.xcconfig; name = "Pods-OnlineShopTests.debug.xcconfig"; path = "Target Support Files/Pods-OnlineShopTests/Pods-OnlineShopTests.debug.xcconfig"; sourceTree = "<group>"; };
		E99EB8F55C70F1674827436C /* Pods-OnlineShop-OnlineShopUITests.debug.xcconfig */ = {isa = PBXFileReference; includeInIndex = 1; lastKnownFileType = text.xcconfig; name = "Pods-OnlineShop-OnlineShopUITests.debug.xcconfig"; path = "Target Support Files/Pods-OnlineShop-OnlineShopUITests/Pods-OnlineShop-OnlineShopUITests.debug.xcconfig"; sourceTree = "<group>"; };
/* End PBXFileReference section */

/* Begin PBXFrameworksBuildPhase section */
		AE9D563925C1AED400E006E2 /* Frameworks */ = {
			isa = PBXFrameworksBuildPhase;
			buildActionMask = 2147483647;
			files = (
				3DFE1B853CCA37A68F97B2E0 /* Pods_OnlineShop.framework in Frameworks */,
			);
			runOnlyForDeploymentPostprocessing = 0;
		};
		AE9D564F25C1AED700E006E2 /* Frameworks */ = {
			isa = PBXFrameworksBuildPhase;
			buildActionMask = 2147483647;
			files = (
				0ED461B9DB9742190D50B69E /* Pods_OnlineShopTests.framework in Frameworks */,
			);
			runOnlyForDeploymentPostprocessing = 0;
		};
		AE9D565A25C1AED700E006E2 /* Frameworks */ = {
			isa = PBXFrameworksBuildPhase;
			buildActionMask = 2147483647;
			files = (
				5D9A9D4C8FBA74F7644A4D63 /* Pods_OnlineShop_OnlineShopUITests.framework in Frameworks */,
			);
			runOnlyForDeploymentPostprocessing = 0;
		};
/* End PBXFrameworksBuildPhase section */

/* Begin PBXGroup section */
		0D1F8BE3417096B241359A02 /* Pods */ = {
			isa = PBXGroup;
			children = (
				3DE6DA045B419346AB2E6AF5 /* Pods-OnlineShop.debug.xcconfig */,
				44F8311334572393DC62BDFF /* Pods-OnlineShop.release.xcconfig */,
				E99EB8F55C70F1674827436C /* Pods-OnlineShop-OnlineShopUITests.debug.xcconfig */,
				C1A1C4106DC6CA575EF286C8 /* Pods-OnlineShop-OnlineShopUITests.release.xcconfig */,
				DADA49929A38755D053743DB /* Pods-OnlineShopTests.debug.xcconfig */,
				1D8465DB4277558D0C463F2B /* Pods-OnlineShopTests.release.xcconfig */,
			);
			path = Pods;
			sourceTree = "<group>";
		};
		655B7174462F77F384C73372 /* Frameworks */ = {
			isa = PBXGroup;
			children = (
				9861597DEF9C81DFA07B89B5 /* Pods_OnlineShop.framework */,
				4DE0B7B54C70A61C4F50C017 /* Pods_OnlineShop_OnlineShopUITests.framework */,
				AA11E494AA7FC90980FF49A6 /* Pods_OnlineShopTests.framework */,
			);
			name = Frameworks;
			sourceTree = "<group>";
		};
		AE9D563325C1AED400E006E2 = {
			isa = PBXGroup;
			children = (
				AE9D563E25C1AED400E006E2 /* OnlineShop */,
				AE9D565525C1AED700E006E2 /* OnlineShopTests */,
				AE9D566025C1AED700E006E2 /* OnlineShopUITests */,
				AE9D563D25C1AED400E006E2 /* Products */,
				0D1F8BE3417096B241359A02 /* Pods */,
				655B7174462F77F384C73372 /* Frameworks */,
			);
			sourceTree = "<group>";
		};
		AE9D563D25C1AED400E006E2 /* Products */ = {
			isa = PBXGroup;
			children = (
				AE9D563C25C1AED400E006E2 /* OnlineShop.app */,
				AE9D565225C1AED700E006E2 /* OnlineShopTests.xctest */,
				AE9D565D25C1AED700E006E2 /* OnlineShopUITests.xctest */,
			);
			name = Products;
			sourceTree = "<group>";
		};
		AE9D563E25C1AED400E006E2 /* OnlineShop */ = {
			isa = PBXGroup;
			children = (
				AE9D571225C1E2E500E006E2 /* Service */,
				AE9D56F725C1D15600E006E2 /* Managers */,
				AE9D56E825C1BD0C00E006E2 /* Assembly */,
				AE9D56DD25C1BB4F00E006E2 /* DataSources */,
				AE9D56D425C1B86E00E006E2 /* Protocols */,
				AE9D56C925C1B50E00E006E2 /* Custom views */,
				AE9D56B325C1B3B700E006E2 /* Screen */,
				AE9D56A725C1B24800E006E2 /* Model */,
				AE9D56A125C1B19E00E006E2 /* Extensions */,
				AE9D569825C1B16B00E006E2 /* Objects */,
				AE9D568925C1AFCE00E006E2 /* Support files */,
			);
			path = OnlineShop;
			sourceTree = "<group>";
		};
		AE9D565525C1AED700E006E2 /* OnlineShopTests */ = {
			isa = PBXGroup;
			children = (
				AE9D565625C1AED700E006E2 /* OnlineShopTests.swift */,
				AE9D565825C1AED700E006E2 /* Info.plist */,
			);
			path = OnlineShopTests;
			sourceTree = "<group>";
		};
		AE9D566025C1AED700E006E2 /* OnlineShopUITests */ = {
			isa = PBXGroup;
			children = (
				AE9D566125C1AED700E006E2 /* OnlineShopUITests.swift */,
				AE9D566325C1AED700E006E2 /* Info.plist */,
			);
			path = OnlineShopUITests;
			sourceTree = "<group>";
		};
		AE9D568925C1AFCE00E006E2 /* Support files */ = {
			isa = PBXGroup;
			children = (
				AE9D569025C1B0D700E006E2 /* GoogleService-Info.plist */,
				AE9D563F25C1AED400E006E2 /* AppDelegate.swift */,
				AE9D564125C1AED400E006E2 /* SceneDelegate.swift */,
				AE9D564825C1AED600E006E2 /* Assets.xcassets */,
				AE9D564A25C1AED600E006E2 /* LaunchScreen.storyboard */,
				AE9D564D25C1AED600E006E2 /* Info.plist */,
			);
			path = "Support files";
			sourceTree = "<group>";
		};
		AE9D569825C1B16B00E006E2 /* Objects */ = {
			isa = PBXGroup;
			children = (
				AE9D569925C1B18400E006E2 /* FirebaseHandler.swift */,
				AE9D56E325C1BBDA00E006E2 /* CatalogLayoutCalculator.swift */,
			);
			path = Objects;
			sourceTree = "<group>";
		};
		AE9D56A125C1B19E00E006E2 /* Extensions */ = {
			isa = PBXGroup;
			children = (
				AE9D56A225C1B1CA00E006E2 /* Codable+Dictionary.swift */,
			);
			path = Extensions;
			sourceTree = "<group>";
		};
		AE9D56A725C1B24800E006E2 /* Model */ = {
			isa = PBXGroup;
			children = (
				AE9D56A825C1B26100E006E2 /* Product.swift */,
				AE9D572025C1E53500E006E2 /* RealmProduct.swift */,
			);
			path = Model;
			sourceTree = "<group>";
		};
		AE9D56B325C1B3B700E006E2 /* Screen */ = {
			isa = PBXGroup;
			children = (
				AE9D572B25C2EFF500E006E2 /* Cart */,
				AE9D56B425C1B3C200E006E2 /* Catalog */,
			);
			path = Screen;
			sourceTree = "<group>";
		};
		AE9D56B425C1B3C200E006E2 /* Catalog */ = {
			isa = PBXGroup;
			children = (
				AE9D56B525C1B3D700E006E2 /* CatalogInteractor.swift */,
				AE9D56BD25C1B3E300E006E2 /* CatalogPresenter.swift */,
				AE9D56C225C1B3FE00E006E2 /* CatalogViewController.swift */,
				AE9D56C325C1B3FE00E006E2 /* CatalogViewController.xib */,
			);
			path = Catalog;
			sourceTree = "<group>";
		};
		AE9D56C925C1B50E00E006E2 /* Custom views */ = {
			isa = PBXGroup;
			children = (
				AE9D56CA25C1B52300E006E2 /* Cells */,
			);
			path = "Custom views";
			sourceTree = "<group>";
		};
		AE9D56CA25C1B52300E006E2 /* Cells */ = {
			isa = PBXGroup;
			children = (
				AE9D573325C2F09900E006E2 /* TableView */,
				AE9D56CB25C1B52A00E006E2 /* Collection View */,
			);
			path = Cells;
			sourceTree = "<group>";
		};
		AE9D56CB25C1B52A00E006E2 /* Collection View */ = {
			isa = PBXGroup;
			children = (
				AE9D56CC25C1B53D00E006E2 /* Product */,
			);
			path = "Collection View";
			sourceTree = "<group>";
		};
		AE9D56CC25C1B53D00E006E2 /* Product */ = {
			isa = PBXGroup;
			children = (
				AE9D56CD25C1B57200E006E2 /* ProductCollectionViewCell.swift */,
				AE9D56CE25C1B57200E006E2 /* ProductCollectionViewCell.xib */,
			);
			path = Product;
			sourceTree = "<group>";
		};
		AE9D56D425C1B86E00E006E2 /* Protocols */ = {
			isa = PBXGroup;
			children = (
				AE9D56D525C1B89000E006E2 /* NibLoadable.swift */,
			);
			path = Protocols;
			sourceTree = "<group>";
		};
		AE9D56DD25C1BB4F00E006E2 /* DataSources */ = {
			isa = PBXGroup;
			children = (
				AE9D56DE25C1BB6800E006E2 /* CatalogDataSource.swift */,
			);
			path = DataSources;
			sourceTree = "<group>";
		};
		AE9D56E825C1BD0C00E006E2 /* Assembly */ = {
			isa = PBXGroup;
			children = (
				AE9D56E925C1BD2900E006E2 /* CatalogAssembly.swift */,
			);
			path = Assembly;
			sourceTree = "<group>";
		};
		AE9D56F725C1D15600E006E2 /* Managers */ = {
			isa = PBXGroup;
			children = (
				AE9D56F825C1D17B00E006E2 /* DatabaseManager.swift */,
			);
			path = Managers;
			sourceTree = "<group>";
		};
		AE9D571225C1E2E500E006E2 /* Service */ = {
			isa = PBXGroup;
			children = (
				AE9D571325C1E2F400E006E2 /* ProductService.swift */,
				AE9D571B25C1E37500E006E2 /* ProductsServiceImplementation.swift */,
			);
			path = Service;
			sourceTree = "<group>";
		};
		AE9D572B25C2EFF500E006E2 /* Cart */ = {
			isa = PBXGroup;
			children = (
				AE9D572C25C2F05B00E006E2 /* CartViewController.swift */,
				AE9D572D25C2F05B00E006E2 /* CartViewController.xib */,
			);
			path = Cart;
			sourceTree = "<group>";
		};
		AE9D573325C2F09900E006E2 /* TableView */ = {
			isa = PBXGroup;
			children = (
				AE9D573425C2F31800E006E2 /* CartTableViewCell.swift */,
				AE9D573525C2F31800E006E2 /* CartTableViewCell.xib */,
			);
			path = TableView;
			sourceTree = "<group>";
		};
/* End PBXGroup section */

/* Begin PBXNativeTarget section */
		AE9D563B25C1AED400E006E2 /* OnlineShop */ = {
			isa = PBXNativeTarget;
			buildConfigurationList = AE9D566625C1AED700E006E2 /* Build configuration list for PBXNativeTarget "OnlineShop" */;
			buildPhases = (
				B34FE39041ACD6E8D1BB356F /* [CP] Check Pods Manifest.lock */,
				AE9D563825C1AED400E006E2 /* Sources */,
				AE9D563925C1AED400E006E2 /* Frameworks */,
				AE9D563A25C1AED400E006E2 /* Resources */,
				EC03A88D556A48254C047B5A /* [CP] Embed Pods Frameworks */,
			);
			buildRules = (
			);
			dependencies = (
			);
			name = OnlineShop;
			productName = OnlineShop;
			productReference = AE9D563C25C1AED400E006E2 /* OnlineShop.app */;
			productType = "com.apple.product-type.application";
		};
		AE9D565125C1AED700E006E2 /* OnlineShopTests */ = {
			isa = PBXNativeTarget;
			buildConfigurationList = AE9D566925C1AED700E006E2 /* Build configuration list for PBXNativeTarget "OnlineShopTests" */;
			buildPhases = (
				EFD62393EBCBCCE38370F9B3 /* [CP] Check Pods Manifest.lock */,
				AE9D564E25C1AED700E006E2 /* Sources */,
				AE9D564F25C1AED700E006E2 /* Frameworks */,
				AE9D565025C1AED700E006E2 /* Resources */,
			);
			buildRules = (
			);
			dependencies = (
				AE9D565425C1AED700E006E2 /* PBXTargetDependency */,
			);
			name = OnlineShopTests;
			productName = OnlineShopTests;
			productReference = AE9D565225C1AED700E006E2 /* OnlineShopTests.xctest */;
			productType = "com.apple.product-type.bundle.unit-test";
		};
		AE9D565C25C1AED700E006E2 /* OnlineShopUITests */ = {
			isa = PBXNativeTarget;
			buildConfigurationList = AE9D566C25C1AED700E006E2 /* Build configuration list for PBXNativeTarget "OnlineShopUITests" */;
			buildPhases = (
				1A88B29B92F10E82452BBE3E /* [CP] Check Pods Manifest.lock */,
				AE9D565925C1AED700E006E2 /* Sources */,
				AE9D565A25C1AED700E006E2 /* Frameworks */,
				AE9D565B25C1AED700E006E2 /* Resources */,
				4721927AE819F46E81B94461 /* [CP] Embed Pods Frameworks */,
			);
			buildRules = (
			);
			dependencies = (
				AE9D565F25C1AED700E006E2 /* PBXTargetDependency */,
			);
			name = OnlineShopUITests;
			productName = OnlineShopUITests;
			productReference = AE9D565D25C1AED700E006E2 /* OnlineShopUITests.xctest */;
			productType = "com.apple.product-type.bundle.ui-testing";
		};
/* End PBXNativeTarget section */

/* Begin PBXProject section */
		AE9D563425C1AED400E006E2 /* Project object */ = {
			isa = PBXProject;
			attributes = {
				LastSwiftUpdateCheck = 1230;
				LastUpgradeCheck = 1230;
				TargetAttributes = {
					AE9D563B25C1AED400E006E2 = {
						CreatedOnToolsVersion = 12.3;
					};
					AE9D565125C1AED700E006E2 = {
						CreatedOnToolsVersion = 12.3;
						TestTargetID = AE9D563B25C1AED400E006E2;
					};
					AE9D565C25C1AED700E006E2 = {
						CreatedOnToolsVersion = 12.3;
						TestTargetID = AE9D563B25C1AED400E006E2;
					};
				};
			};
			buildConfigurationList = AE9D563725C1AED400E006E2 /* Build configuration list for PBXProject "OnlineShop" */;
			compatibilityVersion = "Xcode 9.3";
			developmentRegion = en;
			hasScannedForEncodings = 0;
			knownRegions = (
				en,
				Base,
			);
			mainGroup = AE9D563325C1AED400E006E2;
			productRefGroup = AE9D563D25C1AED400E006E2 /* Products */;
			projectDirPath = "";
			projectRoot = "";
			targets = (
				AE9D563B25C1AED400E006E2 /* OnlineShop */,
				AE9D565125C1AED700E006E2 /* OnlineShopTests */,
				AE9D565C25C1AED700E006E2 /* OnlineShopUITests */,
			);
		};
/* End PBXProject section */

/* Begin PBXResourcesBuildPhase section */
		AE9D563A25C1AED400E006E2 /* Resources */ = {
			isa = PBXResourcesBuildPhase;
			buildActionMask = 2147483647;
			files = (
				AE9D56C525C1B3FE00E006E2 /* CatalogViewController.xib in Resources */,
				AE9D564C25C1AED600E006E2 /* LaunchScreen.storyboard in Resources */,
				AE9D573725C2F31800E006E2 /* CartTableViewCell.xib in Resources */,
				AE9D56D025C1B57200E006E2 /* ProductCollectionViewCell.xib in Resources */,
				AE9D569125C1B0D700E006E2 /* GoogleService-Info.plist in Resources */,
				AE9D572F25C2F05B00E006E2 /* CartViewController.xib in Resources */,
				AE9D564925C1AED600E006E2 /* Assets.xcassets in Resources */,
			);
			runOnlyForDeploymentPostprocessing = 0;
		};
		AE9D565025C1AED700E006E2 /* Resources */ = {
			isa = PBXResourcesBuildPhase;
			buildActionMask = 2147483647;
			files = (
			);
			runOnlyForDeploymentPostprocessing = 0;
		};
		AE9D565B25C1AED700E006E2 /* Resources */ = {
			isa = PBXResourcesBuildPhase;
			buildActionMask = 2147483647;
			files = (
			);
			runOnlyForDeploymentPostprocessing = 0;
		};
/* End PBXResourcesBuildPhase section */

/* Begin PBXShellScriptBuildPhase section */
		1A88B29B92F10E82452BBE3E /* [CP] Check Pods Manifest.lock */ = {
			isa = PBXShellScriptBuildPhase;
			buildActionMask = 2147483647;
			files = (
			);
			inputFileListPaths = (
			);
			inputPaths = (
				"${PODS_PODFILE_DIR_PATH}/Podfile.lock",
				"${PODS_ROOT}/Manifest.lock",
			);
			name = "[CP] Check Pods Manifest.lock";
			outputFileListPaths = (
			);
			outputPaths = (
				"$(DERIVED_FILE_DIR)/Pods-OnlineShop-OnlineShopUITests-checkManifestLockResult.txt",
			);
			runOnlyForDeploymentPostprocessing = 0;
			shellPath = /bin/sh;
			shellScript = "diff \"${PODS_PODFILE_DIR_PATH}/Podfile.lock\" \"${PODS_ROOT}/Manifest.lock\" > /dev/null\nif [ $? != 0 ] ; then\n    # print error to STDERR\n    echo \"error: The sandbox is not in sync with the Podfile.lock. Run 'pod install' or update your CocoaPods installation.\" >&2\n    exit 1\nfi\n# This output is used by Xcode 'outputs' to avoid re-running this script phase.\necho \"SUCCESS\" > \"${SCRIPT_OUTPUT_FILE_0}\"\n";
			showEnvVarsInLog = 0;
		};
		4721927AE819F46E81B94461 /* [CP] Embed Pods Frameworks */ = {
			isa = PBXShellScriptBuildPhase;
			buildActionMask = 2147483647;
			files = (
			);
			inputFileListPaths = (
				"${PODS_ROOT}/Target Support Files/Pods-OnlineShop-OnlineShopUITests/Pods-OnlineShop-OnlineShopUITests-frameworks-${CONFIGURATION}-input-files.xcfilelist",
			);
			name = "[CP] Embed Pods Frameworks";
			outputFileListPaths = (
				"${PODS_ROOT}/Target Support Files/Pods-OnlineShop-OnlineShopUITests/Pods-OnlineShop-OnlineShopUITests-frameworks-${CONFIGURATION}-output-files.xcfilelist",
			);
			runOnlyForDeploymentPostprocessing = 0;
			shellPath = /bin/sh;
			shellScript = "\"${PODS_ROOT}/Target Support Files/Pods-OnlineShop-OnlineShopUITests/Pods-OnlineShop-OnlineShopUITests-frameworks.sh\"\n";
			showEnvVarsInLog = 0;
		};
		B34FE39041ACD6E8D1BB356F /* [CP] Check Pods Manifest.lock */ = {
			isa = PBXShellScriptBuildPhase;
			buildActionMask = 2147483647;
			files = (
			);
			inputFileListPaths = (
			);
			inputPaths = (
				"${PODS_PODFILE_DIR_PATH}/Podfile.lock",
				"${PODS_ROOT}/Manifest.lock",
			);
			name = "[CP] Check Pods Manifest.lock";
			outputFileListPaths = (
			);
			outputPaths = (
				"$(DERIVED_FILE_DIR)/Pods-OnlineShop-checkManifestLockResult.txt",
			);
			runOnlyForDeploymentPostprocessing = 0;
			shellPath = /bin/sh;
			shellScript = "diff \"${PODS_PODFILE_DIR_PATH}/Podfile.lock\" \"${PODS_ROOT}/Manifest.lock\" > /dev/null\nif [ $? != 0 ] ; then\n    # print error to STDERR\n    echo \"error: The sandbox is not in sync with the Podfile.lock. Run 'pod install' or update your CocoaPods installation.\" >&2\n    exit 1\nfi\n# This output is used by Xcode 'outputs' to avoid re-running this script phase.\necho \"SUCCESS\" > \"${SCRIPT_OUTPUT_FILE_0}\"\n";
			showEnvVarsInLog = 0;
		};
		EC03A88D556A48254C047B5A /* [CP] Embed Pods Frameworks */ = {
			isa = PBXShellScriptBuildPhase;
			buildActionMask = 2147483647;
			files = (
			);
			inputFileListPaths = (
				"${PODS_ROOT}/Target Support Files/Pods-OnlineShop/Pods-OnlineShop-frameworks-${CONFIGURATION}-input-files.xcfilelist",
			);
			name = "[CP] Embed Pods Frameworks";
			outputFileListPaths = (
				"${PODS_ROOT}/Target Support Files/Pods-OnlineShop/Pods-OnlineShop-frameworks-${CONFIGURATION}-output-files.xcfilelist",
			);
			runOnlyForDeploymentPostprocessing = 0;
			shellPath = /bin/sh;
			shellScript = "\"${PODS_ROOT}/Target Support Files/Pods-OnlineShop/Pods-OnlineShop-frameworks.sh\"\n";
			showEnvVarsInLog = 0;
		};
		EFD62393EBCBCCE38370F9B3 /* [CP] Check Pods Manifest.lock */ = {
			isa = PBXShellScriptBuildPhase;
			buildActionMask = 2147483647;
			files = (
			);
			inputFileListPaths = (
			);
			inputPaths = (
				"${PODS_PODFILE_DIR_PATH}/Podfile.lock",
				"${PODS_ROOT}/Manifest.lock",
			);
			name = "[CP] Check Pods Manifest.lock";
			outputFileListPaths = (
			);
			outputPaths = (
				"$(DERIVED_FILE_DIR)/Pods-OnlineShopTests-checkManifestLockResult.txt",
			);
			runOnlyForDeploymentPostprocessing = 0;
			shellPath = /bin/sh;
			shellScript = "diff \"${PODS_PODFILE_DIR_PATH}/Podfile.lock\" \"${PODS_ROOT}/Manifest.lock\" > /dev/null\nif [ $? != 0 ] ; then\n    # print error to STDERR\n    echo \"error: The sandbox is not in sync with the Podfile.lock. Run 'pod install' or update your CocoaPods installation.\" >&2\n    exit 1\nfi\n# This output is used by Xcode 'outputs' to avoid re-running this script phase.\necho \"SUCCESS\" > \"${SCRIPT_OUTPUT_FILE_0}\"\n";
			showEnvVarsInLog = 0;
		};
/* End PBXShellScriptBuildPhase section */

/* Begin PBXSourcesBuildPhase section */
		AE9D563825C1AED400E006E2 /* Sources */ = {
			isa = PBXSourcesBuildPhase;
			buildActionMask = 2147483647;
			files = (
				AE9D56C425C1B3FE00E006E2 /* CatalogViewController.swift in Sources */,
				AE9D571C25C1E37500E006E2 /* ProductsServiceImplementation.swift in Sources */,
				AE9D564025C1AED400E006E2 /* AppDelegate.swift in Sources */,
				AE9D569A25C1B18400E006E2 /* FirebaseHandler.swift in Sources */,
				AE9D56D625C1B89000E006E2 /* NibLoadable.swift in Sources */,
				AE9D56B625C1B3D700E006E2 /* CatalogInteractor.swift in Sources */,
				AE9D56A925C1B26100E006E2 /* Product.swift in Sources */,
				AE9D56F925C1D17B00E006E2 /* DatabaseManager.swift in Sources */,
				AE9D56DF25C1BB6800E006E2 /* CatalogDataSource.swift in Sources */,
				AE9D56EA25C1BD2900E006E2 /* CatalogAssembly.swift in Sources */,
				AE9D572125C1E53500E006E2 /* RealmProduct.swift in Sources */,
				AE9D56A325C1B1CA00E006E2 /* Codable+Dictionary.swift in Sources */,
				AE9D56BE25C1B3E300E006E2 /* CatalogPresenter.swift in Sources */,
				AE9D573625C2F31800E006E2 /* CartTableViewCell.swift in Sources */,
				AE9D56CF25C1B57200E006E2 /* ProductCollectionViewCell.swift in Sources */,
				AE9D564225C1AED400E006E2 /* SceneDelegate.swift in Sources */,
				AE9D56E425C1BBDA00E006E2 /* CatalogLayoutCalculator.swift in Sources */,
				AE9D572E25C2F05B00E006E2 /* CartViewController.swift in Sources */,
				AE9D571425C1E2F400E006E2 /* ProductService.swift in Sources */,
			);
			runOnlyForDeploymentPostprocessing = 0;
		};
		AE9D564E25C1AED700E006E2 /* Sources */ = {
			isa = PBXSourcesBuildPhase;
			buildActionMask = 2147483647;
			files = (
				AE9D565725C1AED700E006E2 /* OnlineShopTests.swift in Sources */,
			);
			runOnlyForDeploymentPostprocessing = 0;
		};
		AE9D565925C1AED700E006E2 /* Sources */ = {
			isa = PBXSourcesBuildPhase;
			buildActionMask = 2147483647;
			files = (
				AE9D566225C1AED700E006E2 /* OnlineShopUITests.swift in Sources */,
			);
			runOnlyForDeploymentPostprocessing = 0;
		};
/* End PBXSourcesBuildPhase section */

/* Begin PBXTargetDependency section */
		AE9D565425C1AED700E006E2 /* PBXTargetDependency */ = {
			isa = PBXTargetDependency;
			target = AE9D563B25C1AED400E006E2 /* OnlineShop */;
			targetProxy = AE9D565325C1AED700E006E2 /* PBXContainerItemProxy */;
		};
		AE9D565F25C1AED700E006E2 /* PBXTargetDependency */ = {
			isa = PBXTargetDependency;
			target = AE9D563B25C1AED400E006E2 /* OnlineShop */;
			targetProxy = AE9D565E25C1AED700E006E2 /* PBXContainerItemProxy */;
		};
/* End PBXTargetDependency section */

/* Begin PBXVariantGroup section */
		AE9D564A25C1AED600E006E2 /* LaunchScreen.storyboard */ = {
			isa = PBXVariantGroup;
			children = (
				AE9D564B25C1AED600E006E2 /* Base */,
			);
			name = LaunchScreen.storyboard;
			sourceTree = "<group>";
		};
/* End PBXVariantGroup section */

/* Begin XCBuildConfiguration section */
		AE9D566425C1AED700E006E2 /* Debug */ = {
			isa = XCBuildConfiguration;
			buildSettings = {
				ALWAYS_SEARCH_USER_PATHS = NO;
				CLANG_ANALYZER_NONNULL = YES;
				CLANG_ANALYZER_NUMBER_OBJECT_CONVERSION = YES_AGGRESSIVE;
				CLANG_CXX_LANGUAGE_STANDARD = "gnu++14";
				CLANG_CXX_LIBRARY = "libc++";
				CLANG_ENABLE_MODULES = YES;
				CLANG_ENABLE_OBJC_ARC = YES;
				CLANG_ENABLE_OBJC_WEAK = YES;
				CLANG_WARN_BLOCK_CAPTURE_AUTORELEASING = YES;
				CLANG_WARN_BOOL_CONVERSION = YES;
				CLANG_WARN_COMMA = YES;
				CLANG_WARN_CONSTANT_CONVERSION = YES;
				CLANG_WARN_DEPRECATED_OBJC_IMPLEMENTATIONS = YES;
				CLANG_WARN_DIRECT_OBJC_ISA_USAGE = YES_ERROR;
				CLANG_WARN_DOCUMENTATION_COMMENTS = YES;
				CLANG_WARN_EMPTY_BODY = YES;
				CLANG_WARN_ENUM_CONVERSION = YES;
				CLANG_WARN_INFINITE_RECURSION = YES;
				CLANG_WARN_INT_CONVERSION = YES;
				CLANG_WARN_NON_LITERAL_NULL_CONVERSION = YES;
				CLANG_WARN_OBJC_IMPLICIT_RETAIN_SELF = YES;
				CLANG_WARN_OBJC_LITERAL_CONVERSION = YES;
				CLANG_WARN_OBJC_ROOT_CLASS = YES_ERROR;
				CLANG_WARN_QUOTED_INCLUDE_IN_FRAMEWORK_HEADER = YES;
				CLANG_WARN_RANGE_LOOP_ANALYSIS = YES;
				CLANG_WARN_STRICT_PROTOTYPES = YES;
				CLANG_WARN_SUSPICIOUS_MOVE = YES;
				CLANG_WARN_UNGUARDED_AVAILABILITY = YES_AGGRESSIVE;
				CLANG_WARN_UNREACHABLE_CODE = YES;
				CLANG_WARN__DUPLICATE_METHOD_MATCH = YES;
				COPY_PHASE_STRIP = NO;
				DEBUG_INFORMATION_FORMAT = dwarf;
				ENABLE_STRICT_OBJC_MSGSEND = YES;
				ENABLE_TESTABILITY = YES;
				GCC_C_LANGUAGE_STANDARD = gnu11;
				GCC_DYNAMIC_NO_PIC = NO;
				GCC_NO_COMMON_BLOCKS = YES;
				GCC_OPTIMIZATION_LEVEL = 0;
				GCC_PREPROCESSOR_DEFINITIONS = (
					"DEBUG=1",
					"$(inherited)",
				);
				GCC_WARN_64_TO_32_BIT_CONVERSION = YES;
				GCC_WARN_ABOUT_RETURN_TYPE = YES_ERROR;
				GCC_WARN_UNDECLARED_SELECTOR = YES;
				GCC_WARN_UNINITIALIZED_AUTOS = YES_AGGRESSIVE;
				GCC_WARN_UNUSED_FUNCTION = YES;
				GCC_WARN_UNUSED_VARIABLE = YES;
				IPHONEOS_DEPLOYMENT_TARGET = 14.3;
				MTL_ENABLE_DEBUG_INFO = INCLUDE_SOURCE;
				MTL_FAST_MATH = YES;
				ONLY_ACTIVE_ARCH = YES;
				SDKROOT = iphoneos;
				SWIFT_ACTIVE_COMPILATION_CONDITIONS = DEBUG;
				SWIFT_OPTIMIZATION_LEVEL = "-Onone";
			};
			name = Debug;
		};
		AE9D566525C1AED700E006E2 /* Release */ = {
			isa = XCBuildConfiguration;
			buildSettings = {
				ALWAYS_SEARCH_USER_PATHS = NO;
				CLANG_ANALYZER_NONNULL = YES;
				CLANG_ANALYZER_NUMBER_OBJECT_CONVERSION = YES_AGGRESSIVE;
				CLANG_CXX_LANGUAGE_STANDARD = "gnu++14";
				CLANG_CXX_LIBRARY = "libc++";
				CLANG_ENABLE_MODULES = YES;
				CLANG_ENABLE_OBJC_ARC = YES;
				CLANG_ENABLE_OBJC_WEAK = YES;
				CLANG_WARN_BLOCK_CAPTURE_AUTORELEASING = YES;
				CLANG_WARN_BOOL_CONVERSION = YES;
				CLANG_WARN_COMMA = YES;
				CLANG_WARN_CONSTANT_CONVERSION = YES;
				CLANG_WARN_DEPRECATED_OBJC_IMPLEMENTATIONS = YES;
				CLANG_WARN_DIRECT_OBJC_ISA_USAGE = YES_ERROR;
				CLANG_WARN_DOCUMENTATION_COMMENTS = YES;
				CLANG_WARN_EMPTY_BODY = YES;
				CLANG_WARN_ENUM_CONVERSION = YES;
				CLANG_WARN_INFINITE_RECURSION = YES;
				CLANG_WARN_INT_CONVERSION = YES;
				CLANG_WARN_NON_LITERAL_NULL_CONVERSION = YES;
				CLANG_WARN_OBJC_IMPLICIT_RETAIN_SELF = YES;
				CLANG_WARN_OBJC_LITERAL_CONVERSION = YES;
				CLANG_WARN_OBJC_ROOT_CLASS = YES_ERROR;
				CLANG_WARN_QUOTED_INCLUDE_IN_FRAMEWORK_HEADER = YES;
				CLANG_WARN_RANGE_LOOP_ANALYSIS = YES;
				CLANG_WARN_STRICT_PROTOTYPES = YES;
				CLANG_WARN_SUSPICIOUS_MOVE = YES;
				CLANG_WARN_UNGUARDED_AVAILABILITY = YES_AGGRESSIVE;
				CLANG_WARN_UNREACHABLE_CODE = YES;
				CLANG_WARN__DUPLICATE_METHOD_MATCH = YES;
				COPY_PHASE_STRIP = NO;
				DEBUG_INFORMATION_FORMAT = "dwarf-with-dsym";
				ENABLE_NS_ASSERTIONS = NO;
				ENABLE_STRICT_OBJC_MSGSEND = YES;
				GCC_C_LANGUAGE_STANDARD = gnu11;
				GCC_NO_COMMON_BLOCKS = YES;
				GCC_WARN_64_TO_32_BIT_CONVERSION = YES;
				GCC_WARN_ABOUT_RETURN_TYPE = YES_ERROR;
				GCC_WARN_UNDECLARED_SELECTOR = YES;
				GCC_WARN_UNINITIALIZED_AUTOS = YES_AGGRESSIVE;
				GCC_WARN_UNUSED_FUNCTION = YES;
				GCC_WARN_UNUSED_VARIABLE = YES;
				IPHONEOS_DEPLOYMENT_TARGET = 14.3;
				MTL_ENABLE_DEBUG_INFO = NO;
				MTL_FAST_MATH = YES;
				SDKROOT = iphoneos;
				SWIFT_COMPILATION_MODE = wholemodule;
				SWIFT_OPTIMIZATION_LEVEL = "-O";
				VALIDATE_PRODUCT = YES;
			};
			name = Release;
		};
		AE9D566725C1AED700E006E2 /* Debug */ = {
			isa = XCBuildConfiguration;
			baseConfigurationReference = 3DE6DA045B419346AB2E6AF5 /* Pods-OnlineShop.debug.xcconfig */;
			buildSettings = {
				ASSETCATALOG_COMPILER_APPICON_NAME = AppIcon;
				ASSETCATALOG_COMPILER_GLOBAL_ACCENT_COLOR_NAME = AccentColor;
				CODE_SIGN_STYLE = Automatic;
				DEVELOPMENT_TEAM = M75K88WRB9;
				INFOPLIST_FILE = "$(SRCROOT)/OnlineShop/Support files/Info.plist";
				LD_RUNPATH_SEARCH_PATHS = (
					"$(inherited)",
					"@executable_path/Frameworks",
				);
				PRODUCT_BUNDLE_IDENTIFIER = Black.OnlineShop;
				PRODUCT_NAME = "$(TARGET_NAME)";
				SWIFT_VERSION = 5.0;
				TARGETED_DEVICE_FAMILY = "1,2";
			};
			name = Debug;
		};
		AE9D566825C1AED700E006E2 /* Release */ = {
			isa = XCBuildConfiguration;
			baseConfigurationReference = 44F8311334572393DC62BDFF /* Pods-OnlineShop.release.xcconfig */;
			buildSettings = {
				ASSETCATALOG_COMPILER_APPICON_NAME = AppIcon;
				ASSETCATALOG_COMPILER_GLOBAL_ACCENT_COLOR_NAME = AccentColor;
				CODE_SIGN_STYLE = Automatic;
				DEVELOPMENT_TEAM = M75K88WRB9;
				INFOPLIST_FILE = "$(SRCROOT)/OnlineShop/Support files/Info.plist";
				LD_RUNPATH_SEARCH_PATHS = (
					"$(inherited)",
					"@executable_path/Frameworks",
				);
				PRODUCT_BUNDLE_IDENTIFIER = Black.OnlineShop;
				PRODUCT_NAME = "$(TARGET_NAME)";
				SWIFT_VERSION = 5.0;
				TARGETED_DEVICE_FAMILY = "1,2";
			};
			name = Release;
		};
		AE9D566A25C1AED700E006E2 /* Debug */ = {
			isa = XCBuildConfiguration;
			baseConfigurationReference = DADA49929A38755D053743DB /* Pods-OnlineShopTests.debug.xcconfig */;
			buildSettings = {
				ALWAYS_EMBED_SWIFT_STANDARD_LIBRARIES = YES;
				BUNDLE_LOADER = "$(TEST_HOST)";
				CODE_SIGN_STYLE = Automatic;
				DEVELOPMENT_TEAM = M75K88WRB9;
				INFOPLIST_FILE = OnlineShopTests/Info.plist;
				IPHONEOS_DEPLOYMENT_TARGET = 14.3;
				LD_RUNPATH_SEARCH_PATHS = (
					"$(inherited)",
					"@executable_path/Frameworks",
					"@loader_path/Frameworks",
				);
				PRODUCT_BUNDLE_IDENTIFIER = Black.OnlineShopTests;
				PRODUCT_NAME = "$(TARGET_NAME)";
				SWIFT_VERSION = 5.0;
				TARGETED_DEVICE_FAMILY = "1,2";
				TEST_HOST = "$(BUILT_PRODUCTS_DIR)/OnlineShop.app/OnlineShop";
			};
			name = Debug;
		};
		AE9D566B25C1AED700E006E2 /* Release */ = {
			isa = XCBuildConfiguration;
			baseConfigurationReference = 1D8465DB4277558D0C463F2B /* Pods-OnlineShopTests.release.xcconfig */;
			buildSettings = {
				ALWAYS_EMBED_SWIFT_STANDARD_LIBRARIES = YES;
				BUNDLE_LOADER = "$(TEST_HOST)";
				CODE_SIGN_STYLE = Automatic;
				DEVELOPMENT_TEAM = M75K88WRB9;
				INFOPLIST_FILE = OnlineShopTests/Info.plist;
				IPHONEOS_DEPLOYMENT_TARGET = 14.3;
				LD_RUNPATH_SEARCH_PATHS = (
					"$(inherited)",
					"@executable_path/Frameworks",
					"@loader_path/Frameworks",
				);
				PRODUCT_BUNDLE_IDENTIFIER = Black.OnlineShopTests;
				PRODUCT_NAME = "$(TARGET_NAME)";
				SWIFT_VERSION = 5.0;
				TARGETED_DEVICE_FAMILY = "1,2";
				TEST_HOST = "$(BUILT_PRODUCTS_DIR)/OnlineShop.app/OnlineShop";
			};
			name = Release;
		};
		AE9D566D25C1AED700E006E2 /* Debug */ = {
			isa = XCBuildConfiguration;
			baseConfigurationReference = E99EB8F55C70F1674827436C /* Pods-OnlineShop-OnlineShopUITests.debug.xcconfig */;
			buildSettings = {
				ALWAYS_EMBED_SWIFT_STANDARD_LIBRARIES = YES;
				CODE_SIGN_STYLE = Automatic;
				DEVELOPMENT_TEAM = M75K88WRB9;
				INFOPLIST_FILE = OnlineShopUITests/Info.plist;
				LD_RUNPATH_SEARCH_PATHS = (
					"$(inherited)",
					"@executable_path/Frameworks",
					"@loader_path/Frameworks",
				);
				PRODUCT_BUNDLE_IDENTIFIER = Black.OnlineShopUITests;
				PRODUCT_NAME = "$(TARGET_NAME)";
				SWIFT_VERSION = 5.0;
				TARGETED_DEVICE_FAMILY = "1,2";
				TEST_TARGET_NAME = OnlineShop;
			};
			name = Debug;
		};
		AE9D566E25C1AED700E006E2 /* Release */ = {
			isa = XCBuildConfiguration;
			baseConfigurationReference = C1A1C4106DC6CA575EF286C8 /* Pods-OnlineShop-OnlineShopUITests.release.xcconfig */;
			buildSettings = {
				ALWAYS_EMBED_SWIFT_STANDARD_LIBRARIES = YES;
				CODE_SIGN_STYLE = Automatic;
				DEVELOPMENT_TEAM = M75K88WRB9;
				INFOPLIST_FILE = OnlineShopUITests/Info.plist;
				LD_RUNPATH_SEARCH_PATHS = (
					"$(inherited)",
					"@executable_path/Frameworks",
					"@loader_path/Frameworks",
				);
				PRODUCT_BUNDLE_IDENTIFIER = Black.OnlineShopUITests;
				PRODUCT_NAME = "$(TARGET_NAME)";
				SWIFT_VERSION = 5.0;
				TARGETED_DEVICE_FAMILY = "1,2";
				TEST_TARGET_NAME = OnlineShop;
			};
			name = Release;
		};
/* End XCBuildConfiguration section */

/* Begin XCConfigurationList section */
		AE9D563725C1AED400E006E2 /* Build configuration list for PBXProject "OnlineShop" */ = {
			isa = XCConfigurationList;
			buildConfigurations = (
				AE9D566425C1AED700E006E2 /* Debug */,
				AE9D566525C1AED700E006E2 /* Release */,
			);
			defaultConfigurationIsVisible = 0;
			defaultConfigurationName = Release;
		};
		AE9D566625C1AED700E006E2 /* Build configuration list for PBXNativeTarget "OnlineShop" */ = {
			isa = XCConfigurationList;
			buildConfigurations = (
				AE9D566725C1AED700E006E2 /* Debug */,
				AE9D566825C1AED700E006E2 /* Release */,
			);
			defaultConfigurationIsVisible = 0;
			defaultConfigurationName = Release;
		};
		AE9D566925C1AED700E006E2 /* Build configuration list for PBXNativeTarget "OnlineShopTests" */ = {
			isa = XCConfigurationList;
			buildConfigurations = (
				AE9D566A25C1AED700E006E2 /* Debug */,
				AE9D566B25C1AED700E006E2 /* Release */,
			);
			defaultConfigurationIsVisible = 0;
			defaultConfigurationName = Release;
		};
		AE9D566C25C1AED700E006E2 /* Build configuration list for PBXNativeTarget "OnlineShopUITests" */ = {
			isa = XCConfigurationList;
			buildConfigurations = (
				AE9D566D25C1AED700E006E2 /* Debug */,
				AE9D566E25C1AED700E006E2 /* Release */,
			);
			defaultConfigurationIsVisible = 0;
			defaultConfigurationName = Release;
		};
/* End XCConfigurationList section */
	};
	rootObject = AE9D563425C1AED400E006E2 /* Project object */;
}
